
Microsoft Visual Studio Solution File, Format Version 10.00
# Visual Studio 2008
# SharpDevelop 4.0.0.7070
Project("{FAE04EC0-301F-11D3-BF4B-00C04F79EFBC}") = "SiteStarter.Web", "SoftwareMonkeys.SiteStarter.Web\SiteStarter.Web.csproj", "{A5D49D94-D936-4123-BA9A-572AA7C7F426}"
EndProject
Project("{FAE04EC0-301F-11D3-BF4B-00C04F79EFBC}") = "SiteStarter.Web.Tests", "SoftwareMonkeys.SiteStarter.Web.Tests\SiteStarter.Web.Tests.csproj", "{FBB72693-0267-4DB0-98D5-9ECBC13E98DD}"
EndProject
Project("{FAE04EC0-301F-11D3-BF4B-00C04F79EFBC}") = "SiteStarter.Data.Db4o", "SoftwareMonkeys.SiteStarter.Data.Db4o\SiteStarter.Data.Db4o.csproj", "{61DF6782-15A0-4056-AA02-7C18F0A19B0F}"
EndProject
Project("{FAE04EC0-301F-11D3-BF4B-00C04F79EFBC}") = "SiteStarter.Diagnostics", "SoftwareMonkeys.SiteStarter.Diagnostics\SiteStarter.Diagnostics.csproj", "{C3626F0A-DFD4-4EF2-8755-3532DE3712A4}"
EndProject
Project("{FAE04EC0-301F-11D3-BF4B-00C04F79EFBC}") = "SiteStarter.Entities", "SoftwareMonkeys.SiteStarter.Entities\SiteStarter.Entities.csproj", "{3609F512-9E15-41C7-95AF-D1B3E7F93562}"
EndProject
Project("{FAE04EC0-301F-11D3-BF4B-00C04F79EFBC}") = "SiteStarter.Configuration", "SoftwareMonkeys.SiteStarter.Configuration\SiteStarter.Configuration.csproj", "{4B83307F-8307-43EF-A176-8AB1CDA78264}"
EndProject
Project("{FAE04EC0-301F-11D3-BF4B-00C04F79EFBC}") = "SiteStarter.Data", "SoftwareMonkeys.SiteStarter.Data\SiteStarter.Data.csproj", "{0D77AB54-E3BE-4B29-8750-91F16BC3DEDB}"
EndProject
Project("{FAE04EC0-301F-11D3-BF4B-00C04F79EFBC}") = "SiteStarter.State", "SoftwareMonkeys.SiteStarter.State\SiteStarter.State.csproj", "{34129651-3B9F-4A0D-AEBF-7DE2098DD98F}"
EndProject
Project("{FAE04EC0-301F-11D3-BF4B-00C04F79EFBC}") = "SiteStarter.Business", "SoftwareMonkeys.SiteStarter.Business\SiteStarter.Business.csproj", "{F294B839-0C1E-4187-AA58-6EA1C35E6B66}"
EndProject
Project("{FAE04EC0-301F-11D3-BF4B-00C04F79EFBC}") = "SiteStarter.Business.Tests", "SoftwareMonkeys.SiteStarter.Business.Tests\SiteStarter.Business.Tests.csproj", "{F6AA1DC2-1E10-43FF-97AB-D6679A854D51}"
EndProject
Project("{FAE04EC0-301F-11D3-BF4B-00C04F79EFBC}") = "SiteStarter.Configuration.Tests", "SoftwareMonkeys.SiteStarter.Configuration.Tests\SiteStarter.Configuration.Tests.csproj", "{5DFB85CA-D338-425A-B382-64EFBE19C65D}"
EndProject
Project("{FAE04EC0-301F-11D3-BF4B-00C04F79EFBC}") = "SiteStarter.Data.Tests", "SoftwareMonkeys.SiteStarter.Data.Tests\SiteStarter.Data.Tests.csproj", "{0BBD2A6C-9955-4BB6-9DCA-6AA57715C3F2}"
EndProject
Project("{FAE04EC0-301F-11D3-BF4B-00C04F79EFBC}") = "SiteStarter.Contracts", "SoftwareMonkeys.SiteStarter.Contracts\SiteStarter.Contracts.csproj", "{518735AC-EFA2-4205-AE47-CF4664EE3061}"
EndProject
Project("{FAE04EC0-301F-11D3-BF4B-00C04F79EFBC}") = "SiteStarter.Diagnostics.Tests", "SoftwareMonkeys.SiteStarter.Diagnostics.Tests\SiteStarter.Diagnostics.Tests.csproj", "{7869F9C1-61D7-4C16-9577-CA85BDD3E01F}"
EndProject
Project("{FAE04EC0-301F-11D3-BF4B-00C04F79EFBC}") = "SiteStarter.Entities.Tests", "SoftwareMonkeys.SiteStarter.Entities.Tests\SiteStarter.Entities.Tests.csproj", "{C81C653C-6983-4401-A016-68586963DC9B}"
EndProject
Project("{FAE04EC0-301F-11D3-BF4B-00C04F79EFBC}") = "WWW", "WWW\WWW.csproj", "{98CEC32C-68FB-4B7D-944B-1DD0E9F85D07}"
EndProject
Project("{FAE04EC0-301F-11D3-BF4B-00C04F79EFBC}") = "SiteStarter.Tests", "SoftwareMonkeys.SiteStarter.Tests\SiteStarter.Tests.csproj", "3109EA47-5620-4C75-93E2-A552FC75EB8B"
EndProject
Project("{FAE04EC0-301F-11D3-BF4B-00C04F79EFBC}") = "SiteStarter.Data.Db4o.Tests", "SoftwareMonkeys.SiteStarter.Data.Db4o.Tests\SiteStarter.Data.Db4o.Tests.csproj", "4ADB5F1E-B2C2-4EF3-9B46-6755C2D2663E"
EndProject
Project("{FAE04EC0-301F-11D3-BF4B-00C04F79EFBC}") = "SiteStarter.State.Tests", "SoftwareMonkeys.SiteStarter.State.Tests\SiteStarter.State.Tests.csproj", "AD977DB1-879A-476C-A74A-FC2E0EC98F0A"
EndProject
Global
	GlobalSection(SolutionConfigurationPlatforms) = preSolution
		Debug|.NET = Debug|.NET
		Debug|Any CPU = Debug|Any CPU
		Debug|Mixed Platforms = Debug|Mixed Platforms
		Release|.NET = Release|.NET
		Release|Any CPU = Release|Any CPU
		Release|Mixed Platforms = Release|Mixed Platforms
	EndGlobalSection
	GlobalSection(ProjectConfigurationPlatforms) = postSolution
		{A5D49D94-D936-4123-BA9A-572AA7C7F426}.Debug|.NET.ActiveCfg = Debug|Any CPU
		{A5D49D94-D936-4123-BA9A-572AA7C7F426}.Debug|.NET.Build.0 = Debug|Any CPU
		{A5D49D94-D936-4123-BA9A-572AA7C7F426}.Debug|Any CPU.ActiveCfg = Debug|Any CPU
		{A5D49D94-D936-4123-BA9A-572AA7C7F426}.Debug|Any CPU.Build.0 = Debug|Any CPU
		{A5D49D94-D936-4123-BA9A-572AA7C7F426}.Debug|Mixed Platforms.ActiveCfg = Debug|Any CPU
		{A5D49D94-D936-4123-BA9A-572AA7C7F426}.Debug|Mixed Platforms.Build.0 = Debug|Any CPU
		{A5D49D94-D936-4123-BA9A-572AA7C7F426}.Release|.NET.ActiveCfg = Release|Any CPU
		{A5D49D94-D936-4123-BA9A-572AA7C7F426}.Release|.NET.Build.0 = Release|Any CPU
		{A5D49D94-D936-4123-BA9A-572AA7C7F426}.Release|Any CPU.ActiveCfg = Release|Any CPU
		{A5D49D94-D936-4123-BA9A-572AA7C7F426}.Release|Any CPU.Build.0 = Release|Any CPU
		{A5D49D94-D936-4123-BA9A-572AA7C7F426}.Release|Mixed Platforms.ActiveCfg = Release|Any CPU
		{A5D49D94-D936-4123-BA9A-572AA7C7F426}.Release|Mixed Platforms.Build.0 = Release|Any CPU
		{FBB72693-0267-4DB0-98D5-9ECBC13E98DD}.Debug|.NET.ActiveCfg = Debug|Any CPU
		{FBB72693-0267-4DB0-98D5-9ECBC13E98DD}.Debug|.NET.Build.0 = Debug|Any CPU
		{FBB72693-0267-4DB0-98D5-9ECBC13E98DD}.Debug|Any CPU.ActiveCfg = Debug|Any CPU
		{FBB72693-0267-4DB0-98D5-9ECBC13E98DD}.Debug|Any CPU.Build.0 = Debug|Any CPU
		{FBB72693-0267-4DB0-98D5-9ECBC13E98DD}.Debug|Mixed Platforms.ActiveCfg = Debug|Any CPU
		{FBB72693-0267-4DB0-98D5-9ECBC13E98DD}.Debug|Mixed Platforms.Build.0 = Debug|Any CPU
		{FBB72693-0267-4DB0-98D5-9ECBC13E98DD}.Release|.NET.ActiveCfg = Release|Any CPU
		{FBB72693-0267-4DB0-98D5-9ECBC13E98DD}.Release|.NET.Build.0 = Release|Any CPU
		{FBB72693-0267-4DB0-98D5-9ECBC13E98DD}.Release|Any CPU.ActiveCfg = Release|Any CPU
		{FBB72693-0267-4DB0-98D5-9ECBC13E98DD}.Release|Any CPU.Build.0 = Release|Any CPU
		{FBB72693-0267-4DB0-98D5-9ECBC13E98DD}.Release|Mixed Platforms.ActiveCfg = Release|Any CPU
		{FBB72693-0267-4DB0-98D5-9ECBC13E98DD}.Release|Mixed Platforms.Build.0 = Release|Any CPU
		{61DF6782-15A0-4056-AA02-7C18F0A19B0F}.Debug|.NET.ActiveCfg = Debug|Any CPU
		{61DF6782-15A0-4056-AA02-7C18F0A19B0F}.Debug|.NET.Build.0 = Debug|Any CPU
		{61DF6782-15A0-4056-AA02-7C18F0A19B0F}.Debug|Any CPU.ActiveCfg = Debug|Any CPU
		{61DF6782-15A0-4056-AA02-7C18F0A19B0F}.Debug|Any CPU.Build.0 = Debug|Any CPU
		{61DF6782-15A0-4056-AA02-7C18F0A19B0F}.Debug|Mixed Platforms.ActiveCfg = Debug|Any CPU
		{61DF6782-15A0-4056-AA02-7C18F0A19B0F}.Debug|Mixed Platforms.Build.0 = Debug|Any CPU
		{61DF6782-15A0-4056-AA02-7C18F0A19B0F}.Release|.NET.ActiveCfg = Release|Any CPU
		{61DF6782-15A0-4056-AA02-7C18F0A19B0F}.Release|.NET.Build.0 = Release|Any CPU
		{61DF6782-15A0-4056-AA02-7C18F0A19B0F}.Release|Any CPU.ActiveCfg = Release|Any CPU
		{61DF6782-15A0-4056-AA02-7C18F0A19B0F}.Release|Any CPU.Build.0 = Release|Any CPU
		{61DF6782-15A0-4056-AA02-7C18F0A19B0F}.Release|Mixed Platforms.ActiveCfg = Release|Any CPU
		{61DF6782-15A0-4056-AA02-7C18F0A19B0F}.Release|Mixed Platforms.Build.0 = Release|Any CPU
		{C3626F0A-DFD4-4EF2-8755-3532DE3712A4}.Debug|.NET.ActiveCfg = Debug|Any CPU
		{C3626F0A-DFD4-4EF2-8755-3532DE3712A4}.Debug|.NET.Build.0 = Debug|Any CPU
		{C3626F0A-DFD4-4EF2-8755-3532DE3712A4}.Debug|Any CPU.ActiveCfg = Debug|Any CPU
		{C3626F0A-DFD4-4EF2-8755-3532DE3712A4}.Debug|Any CPU.Build.0 = Debug|Any CPU
		{C3626F0A-DFD4-4EF2-8755-3532DE3712A4}.Debug|Mixed Platforms.ActiveCfg = Debug|Any CPU
		{C3626F0A-DFD4-4EF2-8755-3532DE3712A4}.Debug|Mixed Platforms.Build.0 = Debug|Any CPU
		{C3626F0A-DFD4-4EF2-8755-3532DE3712A4}.Release|.NET.ActiveCfg = Release|Any CPU
		{C3626F0A-DFD4-4EF2-8755-3532DE3712A4}.Release|.NET.Build.0 = Release|Any CPU
		{C3626F0A-DFD4-4EF2-8755-3532DE3712A4}.Release|Any CPU.ActiveCfg = Release|Any CPU
		{C3626F0A-DFD4-4EF2-8755-3532DE3712A4}.Release|Any CPU.Build.0 = Release|Any CPU
		{C3626F0A-DFD4-4EF2-8755-3532DE3712A4}.Release|Mixed Platforms.ActiveCfg = Release|Any CPU
		{C3626F0A-DFD4-4EF2-8755-3532DE3712A4}.Release|Mixed Platforms.Build.0 = Release|Any CPU
		{3609F512-9E15-41C7-95AF-D1B3E7F93562}.Debug|.NET.ActiveCfg = Debug|Any CPU
		{3609F512-9E15-41C7-95AF-D1B3E7F93562}.Debug|.NET.Build.0 = Debug|Any CPU
		{3609F512-9E15-41C7-95AF-D1B3E7F93562}.Debug|Any CPU.ActiveCfg = Debug|Any CPU
		{3609F512-9E15-41C7-95AF-D1B3E7F93562}.Debug|Any CPU.Build.0 = Debug|Any CPU
		{3609F512-9E15-41C7-95AF-D1B3E7F93562}.Debug|Mixed Platforms.ActiveCfg = Debug|Any CPU
		{3609F512-9E15-41C7-95AF-D1B3E7F93562}.Debug|Mixed Platforms.Build.0 = Debug|Any CPU
		{3609F512-9E15-41C7-95AF-D1B3E7F93562}.Release|.NET.ActiveCfg = Release|Any CPU
		{3609F512-9E15-41C7-95AF-D1B3E7F93562}.Release|.NET.Build.0 = Release|Any CPU
		{3609F512-9E15-41C7-95AF-D1B3E7F93562}.Release|Any CPU.ActiveCfg = Release|Any CPU
		{3609F512-9E15-41C7-95AF-D1B3E7F93562}.Release|Any CPU.Build.0 = Release|Any CPU
		{3609F512-9E15-41C7-95AF-D1B3E7F93562}.Release|Mixed Platforms.ActiveCfg = Release|Any CPU
		{3609F512-9E15-41C7-95AF-D1B3E7F93562}.Release|Mixed Platforms.Build.0 = Release|Any CPU
		{4B83307F-8307-43EF-A176-8AB1CDA78264}.Debug|.NET.ActiveCfg = Debug|Any CPU
		{4B83307F-8307-43EF-A176-8AB1CDA78264}.Debug|.NET.Build.0 = Debug|Any CPU
		{4B83307F-8307-43EF-A176-8AB1CDA78264}.Debug|Any CPU.ActiveCfg = Debug|Any CPU
		{4B83307F-8307-43EF-A176-8AB1CDA78264}.Debug|Any CPU.Build.0 = Debug|Any CPU
		{4B83307F-8307-43EF-A176-8AB1CDA78264}.Debug|Mixed Platforms.ActiveCfg = Debug|Any CPU
		{4B83307F-8307-43EF-A176-8AB1CDA78264}.Debug|Mixed Platforms.Build.0 = Debug|Any CPU
		{4B83307F-8307-43EF-A176-8AB1CDA78264}.Release|.NET.ActiveCfg = Release|Any CPU
		{4B83307F-8307-43EF-A176-8AB1CDA78264}.Release|.NET.Build.0 = Release|Any CPU
		{4B83307F-8307-43EF-A176-8AB1CDA78264}.Release|Any CPU.ActiveCfg = Release|Any CPU
		{4B83307F-8307-43EF-A176-8AB1CDA78264}.Release|Any CPU.Build.0 = Release|Any CPU
		{4B83307F-8307-43EF-A176-8AB1CDA78264}.Release|Mixed Platforms.ActiveCfg = Release|Any CPU
		{4B83307F-8307-43EF-A176-8AB1CDA78264}.Release|Mixed Platforms.Build.0 = Release|Any CPU
		{0D77AB54-E3BE-4B29-8750-91F16BC3DEDB}.Debug|.NET.ActiveCfg = Debug|Any CPU
		{0D77AB54-E3BE-4B29-8750-91F16BC3DEDB}.Debug|.NET.Build.0 = Debug|Any CPU
		{0D77AB54-E3BE-4B29-8750-91F16BC3DEDB}.Debug|Any CPU.ActiveCfg = Debug|Any CPU
		{0D77AB54-E3BE-4B29-8750-91F16BC3DEDB}.Debug|Any CPU.Build.0 = Debug|Any CPU
		{0D77AB54-E3BE-4B29-8750-91F16BC3DEDB}.Debug|Mixed Platforms.ActiveCfg = Debug|Any CPU
		{0D77AB54-E3BE-4B29-8750-91F16BC3DEDB}.Debug|Mixed Platforms.Build.0 = Debug|Any CPU
		{0D77AB54-E3BE-4B29-8750-91F16BC3DEDB}.Release|.NET.ActiveCfg = Release|Any CPU
		{0D77AB54-E3BE-4B29-8750-91F16BC3DEDB}.Release|.NET.Build.0 = Release|Any CPU
		{0D77AB54-E3BE-4B29-8750-91F16BC3DEDB}.Release|Any CPU.ActiveCfg = Release|Any CPU
		{0D77AB54-E3BE-4B29-8750-91F16BC3DEDB}.Release|Any CPU.Build.0 = Release|Any CPU
		{0D77AB54-E3BE-4B29-8750-91F16BC3DEDB}.Release|Mixed Platforms.ActiveCfg = Release|Any CPU
		{0D77AB54-E3BE-4B29-8750-91F16BC3DEDB}.Release|Mixed Platforms.Build.0 = Release|Any CPU
		{34129651-3B9F-4A0D-AEBF-7DE2098DD98F}.Debug|.NET.ActiveCfg = Debug|Any CPU
		{34129651-3B9F-4A0D-AEBF-7DE2098DD98F}.Debug|.NET.Build.0 = Debug|Any CPU
		{34129651-3B9F-4A0D-AEBF-7DE2098DD98F}.Debug|Any CPU.ActiveCfg = Debug|Any CPU
		{34129651-3B9F-4A0D-AEBF-7DE2098DD98F}.Debug|Any CPU.Build.0 = Debug|Any CPU
		{34129651-3B9F-4A0D-AEBF-7DE2098DD98F}.Debug|Mixed Platforms.ActiveCfg = Debug|Any CPU
		{34129651-3B9F-4A0D-AEBF-7DE2098DD98F}.Debug|Mixed Platforms.Build.0 = Debug|Any CPU
		{34129651-3B9F-4A0D-AEBF-7DE2098DD98F}.Release|.NET.ActiveCfg = Release|Any CPU
		{34129651-3B9F-4A0D-AEBF-7DE2098DD98F}.Release|.NET.Build.0 = Release|Any CPU
		{34129651-3B9F-4A0D-AEBF-7DE2098DD98F}.Release|Any CPU.ActiveCfg = Release|Any CPU
		{34129651-3B9F-4A0D-AEBF-7DE2098DD98F}.Release|Any CPU.Build.0 = Release|Any CPU
		{34129651-3B9F-4A0D-AEBF-7DE2098DD98F}.Release|Mixed Platforms.ActiveCfg = Release|Any CPU
		{34129651-3B9F-4A0D-AEBF-7DE2098DD98F}.Release|Mixed Platforms.Build.0 = Release|Any CPU
		{F294B839-0C1E-4187-AA58-6EA1C35E6B66}.Debug|.NET.ActiveCfg = Debug|Any CPU
		{F294B839-0C1E-4187-AA58-6EA1C35E6B66}.Debug|.NET.Build.0 = Debug|Any CPU
		{F294B839-0C1E-4187-AA58-6EA1C35E6B66}.Debug|Any CPU.ActiveCfg = Debug|Any CPU
		{F294B839-0C1E-4187-AA58-6EA1C35E6B66}.Debug|Any CPU.Build.0 = Debug|Any CPU
		{F294B839-0C1E-4187-AA58-6EA1C35E6B66}.Debug|Mixed Platforms.ActiveCfg = Debug|Any CPU
		{F294B839-0C1E-4187-AA58-6EA1C35E6B66}.Debug|Mixed Platforms.Build.0 = Debug|Any CPU
		{F294B839-0C1E-4187-AA58-6EA1C35E6B66}.Release|.NET.ActiveCfg = Release|Any CPU
		{F294B839-0C1E-4187-AA58-6EA1C35E6B66}.Release|.NET.Build.0 = Release|Any CPU
		{F294B839-0C1E-4187-AA58-6EA1C35E6B66}.Release|Any CPU.ActiveCfg = Release|Any CPU
		{F294B839-0C1E-4187-AA58-6EA1C35E6B66}.Release|Any CPU.Build.0 = Release|Any CPU
		{F294B839-0C1E-4187-AA58-6EA1C35E6B66}.Release|Mixed Platforms.ActiveCfg = Release|Any CPU
		{F294B839-0C1E-4187-AA58-6EA1C35E6B66}.Release|Mixed Platforms.Build.0 = Release|Any CPU
		{F6AA1DC2-1E10-43FF-97AB-D6679A854D51}.Debug|.NET.ActiveCfg = Debug|Any CPU
		{F6AA1DC2-1E10-43FF-97AB-D6679A854D51}.Debug|.NET.Build.0 = Debug|Any CPU
		{F6AA1DC2-1E10-43FF-97AB-D6679A854D51}.Debug|Any CPU.ActiveCfg = Debug|Any CPU
		{F6AA1DC2-1E10-43FF-97AB-D6679A854D51}.Debug|Any CPU.Build.0 = Debug|Any CPU
		{F6AA1DC2-1E10-43FF-97AB-D6679A854D51}.Debug|Mixed Platforms.ActiveCfg = Debug|Any CPU
		{F6AA1DC2-1E10-43FF-97AB-D6679A854D51}.Debug|Mixed Platforms.Build.0 = Debug|Any CPU
		{F6AA1DC2-1E10-43FF-97AB-D6679A854D51}.Release|.NET.ActiveCfg = Release|Any CPU
		{F6AA1DC2-1E10-43FF-97AB-D6679A854D51}.Release|.NET.Build.0 = Release|Any CPU
		{F6AA1DC2-1E10-43FF-97AB-D6679A854D51}.Release|Any CPU.ActiveCfg = Release|Any CPU
		{F6AA1DC2-1E10-43FF-97AB-D6679A854D51}.Release|Any CPU.Build.0 = Release|Any CPU
		{F6AA1DC2-1E10-43FF-97AB-D6679A854D51}.Release|Mixed Platforms.ActiveCfg = Release|Any CPU
		{F6AA1DC2-1E10-43FF-97AB-D6679A854D51}.Release|Mixed Platforms.Build.0 = Release|Any CPU
		{5DFB85CA-D338-425A-B382-64EFBE19C65D}.Debug|.NET.ActiveCfg = Debug|Any CPU
		{5DFB85CA-D338-425A-B382-64EFBE19C65D}.Debug|.NET.Build.0 = Debug|Any CPU
		{5DFB85CA-D338-425A-B382-64EFBE19C65D}.Debug|Any CPU.ActiveCfg = Debug|Any CPU
		{5DFB85CA-D338-425A-B382-64EFBE19C65D}.Debug|Any CPU.Build.0 = Debug|Any CPU
		{5DFB85CA-D338-425A-B382-64EFBE19C65D}.Debug|Mixed Platforms.ActiveCfg = Debug|Any CPU
		{5DFB85CA-D338-425A-B382-64EFBE19C65D}.Debug|Mixed Platforms.Build.0 = Debug|Any CPU
		{5DFB85CA-D338-425A-B382-64EFBE19C65D}.Release|.NET.ActiveCfg = Release|Any CPU
		{5DFB85CA-D338-425A-B382-64EFBE19C65D}.Release|.NET.Build.0 = Release|Any CPU
		{5DFB85CA-D338-425A-B382-64EFBE19C65D}.Release|Any CPU.ActiveCfg = Release|Any CPU
		{5DFB85CA-D338-425A-B382-64EFBE19C65D}.Release|Any CPU.Build.0 = Release|Any CPU
		{5DFB85CA-D338-425A-B382-64EFBE19C65D}.Release|Mixed Platforms.ActiveCfg = Release|Any CPU
		{5DFB85CA-D338-425A-B382-64EFBE19C65D}.Release|Mixed Platforms.Build.0 = Release|Any CPU
		{0BBD2A6C-9955-4BB6-9DCA-6AA57715C3F2}.Debug|.NET.ActiveCfg = Debug|Any CPU
		{0BBD2A6C-9955-4BB6-9DCA-6AA57715C3F2}.Debug|.NET.Build.0 = Debug|Any CPU
		{0BBD2A6C-9955-4BB6-9DCA-6AA57715C3F2}.Debug|Any CPU.ActiveCfg = Debug|Any CPU
		{0BBD2A6C-9955-4BB6-9DCA-6AA57715C3F2}.Debug|Any CPU.Build.0 = Debug|Any CPU
		{0BBD2A6C-9955-4BB6-9DCA-6AA57715C3F2}.Debug|Mixed Platforms.ActiveCfg = Debug|Any CPU
		{0BBD2A6C-9955-4BB6-9DCA-6AA57715C3F2}.Debug|Mixed Platforms.Build.0 = Debug|Any CPU
		{0BBD2A6C-9955-4BB6-9DCA-6AA57715C3F2}.Release|.NET.ActiveCfg = Release|Any CPU
		{0BBD2A6C-9955-4BB6-9DCA-6AA57715C3F2}.Release|.NET.Build.0 = Release|Any CPU
		{0BBD2A6C-9955-4BB6-9DCA-6AA57715C3F2}.Release|Any CPU.ActiveCfg = Release|Any CPU
		{0BBD2A6C-9955-4BB6-9DCA-6AA57715C3F2}.Release|Any CPU.Build.0 = Release|Any CPU
		{0BBD2A6C-9955-4BB6-9DCA-6AA57715C3F2}.Release|Mixed Platforms.ActiveCfg = Release|Any CPU
		{0BBD2A6C-9955-4BB6-9DCA-6AA57715C3F2}.Release|Mixed Platforms.Build.0 = Release|Any CPU
		{518735AC-EFA2-4205-AE47-CF4664EE3061}.Debug|.NET.ActiveCfg = Debug|Any CPU
		{518735AC-EFA2-4205-AE47-CF4664EE3061}.Debug|Any CPU.ActiveCfg = Debug|Any CPU
		{518735AC-EFA2-4205-AE47-CF4664EE3061}.Debug|Mixed Platforms.ActiveCfg = Debug|Any CPU
		{518735AC-EFA2-4205-AE47-CF4664EE3061}.Release|.NET.ActiveCfg = Release|Any CPU
		{518735AC-EFA2-4205-AE47-CF4664EE3061}.Release|Any CPU.ActiveCfg = Release|Any CPU
		{518735AC-EFA2-4205-AE47-CF4664EE3061}.Release|Mixed Platforms.ActiveCfg = Release|Any CPU
		{7869F9C1-61D7-4C16-9577-CA85BDD3E01F}.Debug|.NET.ActiveCfg = Debug|Any CPU
		{7869F9C1-61D7-4C16-9577-CA85BDD3E01F}.Debug|Any CPU.ActiveCfg = Debug|Any CPU
		{7869F9C1-61D7-4C16-9577-CA85BDD3E01F}.Debug|Mixed Platforms.ActiveCfg = Debug|Any CPU
		{7869F9C1-61D7-4C16-9577-CA85BDD3E01F}.Release|.NET.ActiveCfg = Release|Any CPU
		{7869F9C1-61D7-4C16-9577-CA85BDD3E01F}.Release|Any CPU.ActiveCfg = Release|Any CPU
		{7869F9C1-61D7-4C16-9577-CA85BDD3E01F}.Release|Mixed Platforms.ActiveCfg = Release|Any CPU
		{C81C653C-6983-4401-A016-68586963DC9B}.Debug|.NET.ActiveCfg = Debug|Any CPU
		{C81C653C-6983-4401-A016-68586963DC9B}.Debug|Any CPU.ActiveCfg = Debug|Any CPU
		{C81C653C-6983-4401-A016-68586963DC9B}.Debug|Mixed Platforms.ActiveCfg = Debug|Any CPU
		{C81C653C-6983-4401-A016-68586963DC9B}.Release|.NET.ActiveCfg = Release|Any CPU
		{C81C653C-6983-4401-A016-68586963DC9B}.Release|Any CPU.ActiveCfg = Release|Any CPU
		{C81C653C-6983-4401-A016-68586963DC9B}.Release|Mixed Platforms.ActiveCfg = Release|Any CPU
		{C81C653C-6983-4401-A016-68586963DC9B}.Debug|.NET.Build.0 = Debug|.NET
		{C81C653C-6983-4401-A016-68586963DC9B}.Debug|Any CPU.Build.0 = Debug|Any CPU
		{C81C653C-6983-4401-A016-68586963DC9B}.Debug|Mixed Platforms.Build.0 = Debug|Mixed Platforms
		{C81C653C-6983-4401-A016-68586963DC9B}.Release|.NET.Build.0 = Release|.NET
		{C81C653C-6983-4401-A016-68586963DC9B}.Release|Any CPU.Build.0 = Release|Any CPU
		{C81C653C-6983-4401-A016-68586963DC9B}.Release|Mixed Platforms.Build.0 = Release|Mixed Platforms
		{7869F9C1-61D7-4C16-9577-CA85BDD3E01F}.Debug|.NET.Build.0 = Debug|.NET
		{7869F9C1-61D7-4C16-9577-CA85BDD3E01F}.Debug|Any CPU.Build.0 = Debug|Any CPU
		{7869F9C1-61D7-4C16-9577-CA85BDD3E01F}.Debug|Mixed Platforms.Build.0 = Debug|Mixed Platforms
		{7869F9C1-61D7-4C16-9577-CA85BDD3E01F}.Release|.NET.Build.0 = Release|.NET
		{7869F9C1-61D7-4C16-9577-CA85BDD3E01F}.Release|Any CPU.Build.0 = Release|Any CPU
		{7869F9C1-61D7-4C16-9577-CA85BDD3E01F}.Release|Mixed Platforms.Build.0 = Release|Mixed Platforms
		{518735AC-EFA2-4205-AE47-CF4664EE3061}.Debug|.NET.Build.0 = Debug|.NET
		{518735AC-EFA2-4205-AE47-CF4664EE3061}.Debug|Any CPU.Build.0 = Debug|Any CPU
		{518735AC-EFA2-4205-AE47-CF4664EE3061}.Debug|Mixed Platforms.Build.0 = Debug|Mixed Platforms
		{518735AC-EFA2-4205-AE47-CF4664EE3061}.Release|.NET.Build.0 = Release|.NET
		{518735AC-EFA2-4205-AE47-CF4664EE3061}.Release|Any CPU.Build.0 = Release|Any CPU
		{518735AC-EFA2-4205-AE47-CF4664EE3061}.Release|Mixed Platforms.Build.0 = Release|Mixed Platforms
		{98CEC32C-68FB-4B7D-944B-1DD0E9F85D07}.Debug|.NET.Build.0 = Debug|Any CPU
		{98CEC32C-68FB-4B7D-944B-1DD0E9F85D07}.Debug|.NET.ActiveCfg = Debug|Any CPU
		{98CEC32C-68FB-4B7D-944B-1DD0E9F85D07}.Debug|Any CPU.Build.0 = Debug|Any CPU
		{98CEC32C-68FB-4B7D-944B-1DD0E9F85D07}.Debug|Any CPU.ActiveCfg = Debug|Any CPU
		{98CEC32C-68FB-4B7D-944B-1DD0E9F85D07}.Debug|Mixed Platforms.Build.0 = Debug|Any CPU
		{98CEC32C-68FB-4B7D-944B-1DD0E9F85D07}.Debug|Mixed Platforms.ActiveCfg = Debug|Any CPU
		{98CEC32C-68FB-4B7D-944B-1DD0E9F85D07}.Release|.NET.Build.0 = Release|Any CPU
		{98CEC32C-68FB-4B7D-944B-1DD0E9F85D07}.Release|.NET.ActiveCfg = Release|Any CPU
		{98CEC32C-68FB-4B7D-944B-1DD0E9F85D07}.Release|Any CPU.Build.0 = Release|Any CPU
		{98CEC32C-68FB-4B7D-944B-1DD0E9F85D07}.Release|Any CPU.ActiveCfg = Release|Any CPU
		{98CEC32C-68FB-4B7D-944B-1DD0E9F85D07}.Release|Mixed Platforms.Build.0 = Release|Any CPU
		{98CEC32C-68FB-4B7D-944B-1DD0E9F85D07}.Release|Mixed Platforms.ActiveCfg = Release|Any CPU
		3109EA47-5620-4C75-93E2-A552FC75EB8B.Debug|.NET.Build.0 = Debug|Any CPU
		3109EA47-5620-4C75-93E2-A552FC75EB8B.Debug|.NET.ActiveCfg = Debug|Any CPU
		3109EA47-5620-4C75-93E2-A552FC75EB8B.Debug|Any CPU.Build.0 = Debug|Any CPU
		3109EA47-5620-4C75-93E2-A552FC75EB8B.Debug|Any CPU.ActiveCfg = Debug|Any CPU
		3109EA47-5620-4C75-93E2-A552FC75EB8B.Debug|Mixed Platforms.Build.0 = Debug|Any CPU
		3109EA47-5620-4C75-93E2-A552FC75EB8B.Debug|Mixed Platforms.ActiveCfg = Debug|Any CPU
		3109EA47-5620-4C75-93E2-A552FC75EB8B.Release|.NET.Build.0 = Release|Any CPU
		3109EA47-5620-4C75-93E2-A552FC75EB8B.Release|.NET.ActiveCfg = Release|Any CPU
		3109EA47-5620-4C75-93E2-A552FC75EB8B.Release|Any CPU.Build.0 = Release|Any CPU
		3109EA47-5620-4C75-93E2-A552FC75EB8B.Release|Any CPU.ActiveCfg = Release|Any CPU
		3109EA47-5620-4C75-93E2-A552FC75EB8B.Release|Mixed Platforms.Build.0 = Release|Any CPU
		3109EA47-5620-4C75-93E2-A552FC75EB8B.Release|Mixed Platforms.ActiveCfg = Release|Any CPU
		4ADB5F1E-B2C2-4EF3-9B46-6755C2D2663E.Debug|.NET.Build.0 = Debug|Any CPU
		4ADB5F1E-B2C2-4EF3-9B46-6755C2D2663E.Debug|.NET.ActiveCfg = Debug|Any CPU
		4ADB5F1E-B2C2-4EF3-9B46-6755C2D2663E.Debug|Any CPU.Build.0 = Debug|Any CPU
		4ADB5F1E-B2C2-4EF3-9B46-6755C2D2663E.Debug|Any CPU.ActiveCfg = Debug|Any CPU
		4ADB5F1E-B2C2-4EF3-9B46-6755C2D2663E.Debug|Mixed Platforms.Build.0 = Debug|Any CPU
		4ADB5F1E-B2C2-4EF3-9B46-6755C2D2663E.Debug|Mixed Platforms.ActiveCfg = Debug|Any CPU
		4ADB5F1E-B2C2-4EF3-9B46-6755C2D2663E.Release|.NET.Build.0 = Release|Any CPU
		4ADB5F1E-B2C2-4EF3-9B46-6755C2D2663E.Release|.NET.ActiveCfg = Release|Any CPU
		4ADB5F1E-B2C2-4EF3-9B46-6755C2D2663E.Release|Any CPU.Build.0 = Release|Any CPU
		4ADB5F1E-B2C2-4EF3-9B46-6755C2D2663E.Release|Any CPU.ActiveCfg = Release|Any CPU
		4ADB5F1E-B2C2-4EF3-9B46-6755C2D2663E.Release|Mixed Platforms.Build.0 = Release|Any CPU
		4ADB5F1E-B2C2-4EF3-9B46-6755C2D2663E.Release|Mixed Platforms.ActiveCfg = Release|Any CPU
		AD977DB1-879A-476C-A74A-FC2E0EC98F0A.Debug|.NET.Build.0 = Debug|Any CPU
		AD977DB1-879A-476C-A74A-FC2E0EC98F0A.Debug|.NET.ActiveCfg = Debug|Any CPU
		AD977DB1-879A-476C-A74A-FC2E0EC98F0A.Debug|Any CPU.Build.0 = Debug|Any CPU
		AD977DB1-879A-476C-A74A-FC2E0EC98F0A.Debug|Any CPU.ActiveCfg = Debug|Any CPU
		AD977DB1-879A-476C-A74A-FC2E0EC98F0A.Debug|Mixed Platforms.Build.0 = Debug|Any CPU
		AD977DB1-879A-476C-A74A-FC2E0EC98F0A.Debug|Mixed Platforms.ActiveCfg = Debug|Any CPU
		AD977DB1-879A-476C-A74A-FC2E0EC98F0A.Release|.NET.Build.0 = Release|Any CPU
		AD977DB1-879A-476C-A74A-FC2E0EC98F0A.Release|.NET.ActiveCfg = Release|Any CPU
		AD977DB1-879A-476C-A74A-FC2E0EC98F0A.Release|Any CPU.Build.0 = Release|Any CPU
		AD977DB1-879A-476C-A74A-FC2E0EC98F0A.Release|Any CPU.ActiveCfg = Release|Any CPU
		AD977DB1-879A-476C-A74A-FC2E0EC98F0A.Release|Mixed Platforms.Build.0 = Release|Any CPU
		AD977DB1-879A-476C-A74A-FC2E0EC98F0A.Release|Mixed Platforms.ActiveCfg = Release|Any CPU
	EndGlobalSection
	GlobalSection(SolutionProperties) = preSolution
		HideSolutionNode = FALSE
	EndGlobalSection
EndGlobal
